
Microsoft Visual Studio Solution File, Format Version 12.00
# Visual Studio Version 16
VisualStudioVersion = 16.0.34601.136
MinimumVisualStudioVersion = 10.0.40219.1
Project("{FAE04EC0-301F-11D3-BF4B-00C04F79EFBC}") = "StellerAcunMedyaAkademiPortfolio", "StellerAcunMedyaAkademiPortfolio\StellerAcunMedyaAkademiPortfolio.csproj", "{4401970E-414B-4880-873C-64ED8F2DDCB1}"
EndProject
Global
	GlobalSection(SolutionConfigurationPlatforms) = preSolution
		Debug|Any CPU = Debug|Any CPU
		Release|Any CPU = Release|Any CPU
	EndGlobalSection
	GlobalSection(ProjectConfigurationPlatforms) = postSolution
		{4401970E-414B-4880-873C-64ED8F2DDCB1}.Debug|Any CPU.ActiveCfg = Debug|Any CPU
		{4401970E-414B-4880-873C-64ED8F2DDCB1}.Debug|Any CPU.Build.0 = Debug|Any CPU
		{4401970E-414B-4880-873C-64ED8F2DDCB1}.Release|Any CPU.ActiveCfg = Release|Any CPU
		{4401970E-414B-4880-873C-64ED8F2DDCB1}.Release|Any CPU.Build.0 = Release|Any CPU
	EndGlobalSection
	GlobalSection(SolutionProperties) = preSolution
		HideSolutionNode = FALSE
	EndGlobalSection
	GlobalSection(ExtensibilityGlobals) = postSolution
		SolutionGuid = {7609ABEC-FFCC-4B98-A95B-11DBA3B17919}
	EndGlobalSection
EndGlobal
